// !$*UTF8*$!
{
	archiveVersion = 1;
	classes = {
	};
	objectVersion = 50;
	objects = {

/* Begin PBXBuildFile section */
		63FDBEEA23A8CBB2009956BF /* AppDelegate.swift in Sources */ = {isa = PBXBuildFile; fileRef = 63FDBEE923A8CBB2009956BF /* AppDelegate.swift */; };
		63FDBEEC23A8CBB2009956BF /* SceneDelegate.swift in Sources */ = {isa = PBXBuildFile; fileRef = 63FDBEEB23A8CBB2009956BF /* SceneDelegate.swift */; };
		63FDBEEE23A8CBB2009956BF /* ViewController.swift in Sources */ = {isa = PBXBuildFile; fileRef = 63FDBEED23A8CBB2009956BF /* ViewController.swift */; };
		63FDBEF123A8CBB2009956BF /* Main.storyboard in Resources */ = {isa = PBXBuildFile; fileRef = 63FDBEEF23A8CBB2009956BF /* Main.storyboard */; };
		63FDBEF323A8CBB4009956BF /* Assets.xcassets in Resources */ = {isa = PBXBuildFile; fileRef = 63FDBEF223A8CBB4009956BF /* Assets.xcassets */; };
		63FDBEF623A8CBB4009956BF /* LaunchScreen.storyboard in Resources */ = {isa = PBXBuildFile; fileRef = 63FDBEF423A8CBB4009956BF /* LaunchScreen.storyboard */; };
		63FDBF0123A8CBB4009956BF /* TatoodoAssignmentTests.swift in Sources */ = {isa = PBXBuildFile; fileRef = 63FDBF0023A8CBB4009956BF /* TatoodoAssignmentTests.swift */; };
/* End PBXBuildFile section */

/* Begin PBXContainerItemProxy section */
		63FDBEFD23A8CBB4009956BF /* PBXContainerItemProxy */ = {
			isa = PBXContainerItemProxy;
			containerPortal = 63FDBEDE23A8CBB2009956BF /* Project object */;
			proxyType = 1;
			remoteGlobalIDString = 63FDBEE523A8CBB2009956BF;
			remoteInfo = TatoodoAssignment;
		};
/* End PBXContainerItemProxy section */

/* Begin PBXFileReference section */
		63FDBEE623A8CBB2009956BF /* TatoodoAssignment.app */ = {isa = PBXFileReference; explicitFileType = wrapper.application; includeInIndex = 0; path = TatoodoAssignment.app; sourceTree = BUILT_PRODUCTS_DIR; };
		63FDBEE923A8CBB2009956BF /* AppDelegate.swift */ = {isa = PBXFileReference; lastKnownFileType = sourcecode.swift; path = AppDelegate.swift; sourceTree = "<group>"; };
		63FDBEEB23A8CBB2009956BF /* SceneDelegate.swift */ = {isa = PBXFileReference; lastKnownFileType = sourcecode.swift; path = SceneDelegate.swift; sourceTree = "<group>"; };
		63FDBEED23A8CBB2009956BF /* ViewController.swift */ = {isa = PBXFileReference; lastKnownFileType = sourcecode.swift; path = ViewController.swift; sourceTree = "<group>"; };
		63FDBEF023A8CBB2009956BF /* Base */ = {isa = PBXFileReference; lastKnownFileType = file.storyboard; name = Base; path = Base.lproj/Main.storyboard; sourceTree = "<group>"; };
		63FDBEF223A8CBB4009956BF /* Assets.xcassets */ = {isa = PBXFileReference; lastKnownFileType = folder.assetcatalog; path = Assets.xcassets; sourceTree = "<group>"; };
		63FDBEF523A8CBB4009956BF /* Base */ = {isa = PBXFileReference; lastKnownFileType = file.storyboard; name = Base; path = Base.lproj/LaunchScreen.storyboard; sourceTree = "<group>"; };
		63FDBEF723A8CBB4009956BF /* Info.plist */ = {isa = PBXFileReference; lastKnownFileType = text.plist.xml; path = Info.plist; sourceTree = "<group>"; };
		63FDBEFC23A8CBB4009956BF /* TatoodoAssignmentTests.xctest */ = {isa = PBXFileReference; explicitFileType = wrapper.cfbundle; includeInIndex = 0; path = TatoodoAssignmentTests.xctest; sourceTree = BUILT_PRODUCTS_DIR; };
		63FDBF0023A8CBB4009956BF /* TatoodoAssignmentTests.swift */ = {isa = PBXFileReference; lastKnownFileType = sourcecode.swift; path = TatoodoAssignmentTests.swift; sourceTree = "<group>"; };
		63FDBF0223A8CBB4009956BF /* Info.plist */ = {isa = PBXFileReference; lastKnownFileType = text.plist.xml; path = Info.plist; sourceTree = "<group>"; };
/* End PBXFileReference section */

/* Begin PBXFrameworksBuildPhase section */
		63FDBEE323A8CBB2009956BF /* Frameworks */ = {
			isa = PBXFrameworksBuildPhase;
			buildActionMask = 2147483647;
			files = (
			);
			runOnlyForDeploymentPostprocessing = 0;
		};
		63FDBEF923A8CBB4009956BF /* Frameworks */ = {
			isa = PBXFrameworksBuildPhase;
			buildActionMask = 2147483647;
			files = (
			);
			runOnlyForDeploymentPostprocessing = 0;
		};
/* End PBXFrameworksBuildPhase section */

/* Begin PBXGroup section */
		63FDBEDD23A8CBB2009956BF = {
			isa = PBXGroup;
			children = (
				63FDBEE823A8CBB2009956BF /* TatoodoAssignment */,
				63FDBEFF23A8CBB4009956BF /* TatoodoAssignmentTests */,
				63FDBEE723A8CBB2009956BF /* Products */,
			);
			sourceTree = "<group>";
		};
		63FDBEE723A8CBB2009956BF /* Products */ = {
			isa = PBXGroup;
			children = (
				63FDBEE623A8CBB2009956BF /* TatoodoAssignment.app */,
				63FDBEFC23A8CBB4009956BF /* TatoodoAssignmentTests.xctest */,
			);
			name = Products;
			sourceTree = "<group>";
		};
		63FDBEE823A8CBB2009956BF /* TatoodoAssignment */ = {
			isa = PBXGroup;
			children = (
				63FDBEE923A8CBB2009956BF /* AppDelegate.swift */,
				63FDBEEB23A8CBB2009956BF /* SceneDelegate.swift */,
				63FDBEED23A8CBB2009956BF /* ViewController.swift */,
				63FDBEEF23A8CBB2009956BF /* Main.storyboard */,
				63FDBEF223A8CBB4009956BF /* Assets.xcassets */,
				63FDBEF423A8CBB4009956BF /* LaunchScreen.storyboard */,
				63FDBEF723A8CBB4009956BF /* Info.plist */,
			);
			path = TatoodoAssignment;
			sourceTree = "<group>";
		};
		63FDBEFF23A8CBB4009956BF /* TatoodoAssignmentTests */ = {
			isa = PBXGroup;
			children = (
				63FDBF0023A8CBB4009956BF /* TatoodoAssignmentTests.swift */,
				63FDBF0223A8CBB4009956BF /* Info.plist */,
			);
			path = TatoodoAssignmentTests;
			sourceTree = "<group>";
		};
/* End PBXGroup section */

/* Begin PBXNativeTarget section */
		63FDBEE523A8CBB2009956BF /* TatoodoAssignment */ = {
			isa = PBXNativeTarget;
			buildConfigurationList = 63FDBF0523A8CBB4009956BF /* Build configuration list for PBXNativeTarget "TatoodoAssignment" */;
			buildPhases = (
				63FDBEE223A8CBB2009956BF /* Sources */,
				63FDBEE323A8CBB2009956BF /* Frameworks */,
				63FDBEE423A8CBB2009956BF /* Resources */,
			);
			buildRules = (
			);
			dependencies = (
			);
			name = TatoodoAssignment;
			productName = TatoodoAssignment;
			productReference = 63FDBEE623A8CBB2009956BF /* TatoodoAssignment.app */;
			productType = "com.apple.product-type.application";
		};
		63FDBEFB23A8CBB4009956BF /* TatoodoAssignmentTests */ = {
			isa = PBXNativeTarget;
			buildConfigurationList = 63FDBF0823A8CBB4009956BF /* Build configuration list for PBXNativeTarget "TatoodoAssignmentTests" */;
			buildPhases = (
				63FDBEF823A8CBB4009956BF /* Sources */,
				63FDBEF923A8CBB4009956BF /* Frameworks */,
				63FDBEFA23A8CBB4009956BF /* Resources */,
			);
			buildRules = (
			);
			dependencies = (
				63FDBEFE23A8CBB4009956BF /* PBXTargetDependency */,
			);
			name = TatoodoAssignmentTests;
			productName = TatoodoAssignmentTests;
			productReference = 63FDBEFC23A8CBB4009956BF /* TatoodoAssignmentTests.xctest */;
			productType = "com.apple.product-type.bundle.unit-test";
		};
/* End PBXNativeTarget section */

/* Begin PBXProject section */
		63FDBEDE23A8CBB2009956BF /* Project object */ = {
			isa = PBXProject;
			attributes = {
				LastSwiftUpdateCheck = 1130;
				LastUpgradeCheck = 1130;
				ORGANIZATIONNAME = "Vitalii Shkliar";
				TargetAttributes = {
					63FDBEE523A8CBB2009956BF = {
						CreatedOnToolsVersion = 11.3;
					};
					63FDBEFB23A8CBB4009956BF = {
						CreatedOnToolsVersion = 11.3;
						TestTargetID = 63FDBEE523A8CBB2009956BF;
					};
				};
			};
			buildConfigurationList = 63FDBEE123A8CBB2009956BF /* Build configuration list for PBXProject "TatoodoAssignment" */;
			compatibilityVersion = "Xcode 9.3";
			developmentRegion = en;
			hasScannedForEncodings = 0;
			knownRegions = (
				en,
				Base,
			);
			mainGroup = 63FDBEDD23A8CBB2009956BF;
			productRefGroup = 63FDBEE723A8CBB2009956BF /* Products */;
			projectDirPath = "";
			projectRoot = "";
			targets = (
				63FDBEE523A8CBB2009956BF /* TatoodoAssignment */,
				63FDBEFB23A8CBB4009956BF /* TatoodoAssignmentTests */,
			);
		};
/* End PBXProject section */

/* Begin PBXResourcesBuildPhase section */
		63FDBEE423A8CBB2009956BF /* Resources */ = {
			isa = PBXResourcesBuildPhase;
			buildActionMask = 2147483647;
			files = (
				63FDBEF623A8CBB4009956BF /* LaunchScreen.storyboard in Resources */,
				63FDBEF323A8CBB4009956BF /* Assets.xcassets in Resources */,
				63FDBEF123A8CBB2009956BF /* Main.storyboard in Resources */,
			);
			runOnlyForDeploymentPostprocessing = 0;
		};
		63FDBEFA23A8CBB4009956BF /* Resources */ = {
			isa = PBXResourcesBuildPhase;
			buildActionMask = 2147483647;
			files = (
			);
			runOnlyForDeploymentPostprocessing = 0;
		};
/* End PBXResourcesBuildPhase section */

/* Begin PBXSourcesBuildPhase section */
		63FDBEE223A8CBB2009956BF /* Sources */ = {
			isa = PBXSourcesBuildPhase;
			buildActionMask = 2147483647;
			files = (
				63FDBEEE23A8CBB2009956BF /* ViewController.swift in Sources */,
				63FDBEEA23A8CBB2009956BF /* AppDelegate.swift in Sources */,
				63FDBEEC23A8CBB2009956BF /* SceneDelegate.swift in Sources */,
			);
			runOnlyForDeploymentPostprocessing = 0;
		};
		63FDBEF823A8CBB4009956BF /* Sources */ = {
			isa = PBXSourcesBuildPhase;
			buildActionMask = 2147483647;
			files = (
				63FDBF0123A8CBB4009956BF /* TatoodoAssignmentTests.swift in Sources */,
			);
			runOnlyForDeploymentPostprocessing = 0;
		};
/* End PBXSourcesBuildPhase section */

/* Begin PBXTargetDependency section */
		63FDBEFE23A8CBB4009956BF /* PBXTargetDependency */ = {
			isa = PBXTargetDependency;
			target = 63FDBEE523A8CBB2009956BF /* TatoodoAssignment */;
			targetProxy = 63FDBEFD23A8CBB4009956BF /* PBXContainerItemProxy */;
		};
/* End PBXTargetDependency section */

/* Begin PBXVariantGroup section */
		63FDBEEF23A8CBB2009956BF /* Main.storyboard */ = {
			isa = PBXVariantGroup;
			children = (
				63FDBEF023A8CBB2009956BF /* Base */,
			);
			name = Main.storyboard;
			sourceTree = "<group>";
		};
		63FDBEF423A8CBB4009956BF /* LaunchScreen.storyboard */ = {
			isa = PBXVariantGroup;
			children = (
				63FDBEF523A8CBB4009956BF /* Base */,
			);
			name = LaunchScreen.storyboard;
			sourceTree = "<group>";
		};
/* End PBXVariantGroup section */

/* Begin XCBuildConfiguration section */
		63FDBF0323A8CBB4009956BF /* Debug */ = {
			isa = XCBuildConfiguration;
			buildSettings = {
				ALWAYS_SEARCH_USER_PATHS = NO;
				CLANG_ANALYZER_NONNULL = YES;
				CLANG_ANALYZER_NUMBER_OBJECT_CONVERSION = YES_AGGRESSIVE;
				CLANG_CXX_LANGUAGE_STANDARD = "gnu++14";
				CLANG_CXX_LIBRARY = "libc++";
				CLANG_ENABLE_MODULES = YES;
				CLANG_ENABLE_OBJC_ARC = YES;
				CLANG_ENABLE_OBJC_WEAK = YES;
				CLANG_WARN_BLOCK_CAPTURE_AUTORELEASING = YES;
				CLANG_WARN_BOOL_CONVERSION = YES;
				CLANG_WARN_COMMA = YES;
				CLANG_WARN_CONSTANT_CONVERSION = YES;
				CLANG_WARN_DEPRECATED_OBJC_IMPLEMENTATIONS = YES;
				CLANG_WARN_DIRECT_OBJC_ISA_USAGE = YES_ERROR;
				CLANG_WARN_DOCUMENTATION_COMMENTS = YES;
				CLANG_WARN_EMPTY_BODY = YES;
				CLANG_WARN_ENUM_CONVERSION = YES;
				CLANG_WARN_INFINITE_RECURSION = YES;
				CLANG_WARN_INT_CONVERSION = YES;
				CLANG_WARN_NON_LITERAL_NULL_CONVERSION = YES;
				CLANG_WARN_OBJC_IMPLICIT_RETAIN_SELF = YES;
				CLANG_WARN_OBJC_LITERAL_CONVERSION = YES;
				CLANG_WARN_OBJC_ROOT_CLASS = YES_ERROR;
				CLANG_WARN_RANGE_LOOP_ANALYSIS = YES;
				CLANG_WARN_STRICT_PROTOTYPES = YES;
				CLANG_WARN_SUSPICIOUS_MOVE = YES;
				CLANG_WARN_UNGUARDED_AVAILABILITY = YES_AGGRESSIVE;
				CLANG_WARN_UNREACHABLE_CODE = YES;
				CLANG_WARN__DUPLICATE_METHOD_MATCH = YES;
				COPY_PHASE_STRIP = NO;
				DEBUG_INFORMATION_FORMAT = dwarf;
				ENABLE_STRICT_OBJC_MSGSEND = YES;
				ENABLE_TESTABILITY = YES;
				GCC_C_LANGUAGE_STANDARD = gnu11;
				GCC_DYNAMIC_NO_PIC = NO;
				GCC_NO_COMMON_BLOCKS = YES;
				GCC_OPTIMIZATION_LEVEL = 0;
				GCC_PREPROCESSOR_DEFINITIONS = (
					"DEBUG=1",
					"$(inherited)",
				);
				GCC_WARN_64_TO_32_BIT_CONVERSION = YES;
				GCC_WARN_ABOUT_RETURN_TYPE = YES_ERROR;
				GCC_WARN_UNDECLARED_SELECTOR = YES;
				GCC_WARN_UNINITIALIZED_AUTOS = YES_AGGRESSIVE;
				GCC_WARN_UNUSED_FUNCTION = YES;
				GCC_WARN_UNUSED_VARIABLE = YES;
				IPHONEOS_DEPLOYMENT_TARGET = 13.2;
				MTL_ENABLE_DEBUG_INFO = INCLUDE_SOURCE;
				MTL_FAST_MATH = YES;
				ONLY_ACTIVE_ARCH = YES;
				SDKROOT = iphoneos;
				SWIFT_ACTIVE_COMPILATION_CONDITIONS = DEBUG;
				SWIFT_OPTIMIZATION_LEVEL = "-Onone";
			};
			name = Debug;
		};
		63FDBF0423A8CBB4009956BF /* Release */ = {
			isa = XCBuildConfiguration;
			buildSettings = {
				ALWAYS_SEARCH_USER_PATHS = NO;
				CLANG_ANALYZER_NONNULL = YES;
				CLANG_ANALYZER_NUMBER_OBJECT_CONVERSION = YES_AGGRESSIVE;
				CLANG_CXX_LANGUAGE_STANDARD = "gnu++14";
				CLANG_CXX_LIBRARY = "libc++";
				CLANG_ENABLE_MODULES = YES;
				CLANG_ENABLE_OBJC_ARC = YES;
				CLANG_ENABLE_OBJC_WEAK = YES;
				CLANG_WARN_BLOCK_CAPTURE_AUTORELEASING = YES;
				CLANG_WARN_BOOL_CONVERSION = YES;
				CLANG_WARN_COMMA = YES;
				CLANG_WARN_CONSTANT_CONVERSION = YES;
				CLANG_WARN_DEPRECATED_OBJC_IMPLEMENTATIONS = YES;
				CLANG_WARN_DIRECT_OBJC_ISA_USAGE = YES_ERROR;
				CLANG_WARN_DOCUMENTATION_COMMENTS = YES;
				CLANG_WARN_EMPTY_BODY = YES;
				CLANG_WARN_ENUM_CONVERSION = YES;
				CLANG_WARN_INFINITE_RECURSION = YES;
				CLANG_WARN_INT_CONVERSION = YES;
				CLANG_WARN_NON_LITERAL_NULL_CONVERSION = YES;
				CLANG_WARN_OBJC_IMPLICIT_RETAIN_SELF = YES;
				CLANG_WARN_OBJC_LITERAL_CONVERSION = YES;
				CLANG_WARN_OBJC_ROOT_CLASS = YES_ERROR;
				CLANG_WARN_RANGE_LOOP_ANALYSIS = YES;
				CLANG_WARN_STRICT_PROTOTYPES = YES;
				CLANG_WARN_SUSPICIOUS_MOVE = YES;
				CLANG_WARN_UNGUARDED_AVAILABILITY = YES_AGGRESSIVE;
				CLANG_WARN_UNREACHABLE_CODE = YES;
				CLANG_WARN__DUPLICATE_METHOD_MATCH = YES;
				COPY_PHASE_STRIP = NO;
				DEBUG_INFORMATION_FORMAT = "dwarf-with-dsym";
				ENABLE_NS_ASSERTIONS = NO;
				ENABLE_STRICT_OBJC_MSGSEND = YES;
				GCC_C_LANGUAGE_STANDARD = gnu11;
				GCC_NO_COMMON_BLOCKS = YES;
				GCC_WARN_64_TO_32_BIT_CONVERSION = YES;
				GCC_WARN_ABOUT_RETURN_TYPE = YES_ERROR;
				GCC_WARN_UNDECLARED_SELECTOR = YES;
				GCC_WARN_UNINITIALIZED_AUTOS = YES_AGGRESSIVE;
				GCC_WARN_UNUSED_FUNCTION = YES;
				GCC_WARN_UNUSED_VARIABLE = YES;
				IPHONEOS_DEPLOYMENT_TARGET = 13.2;
				MTL_ENABLE_DEBUG_INFO = NO;
				MTL_FAST_MATH = YES;
				SDKROOT = iphoneos;
				SWIFT_COMPILATION_MODE = wholemodule;
				SWIFT_OPTIMIZATION_LEVEL = "-O";
				VALIDATE_PRODUCT = YES;
			};
			name = Release;
		};
		63FDBF0623A8CBB4009956BF /* Debug */ = {
			isa = XCBuildConfiguration;
			buildSettings = {
				ASSETCATALOG_COMPILER_APPICON_NAME = AppIcon;
				CODE_SIGN_STYLE = Automatic;
				DEVELOPMENT_TEAM = DU9B24YLDN;
				INFOPLIST_FILE = TatoodoAssignment/Info.plist;
				LD_RUNPATH_SEARCH_PATHS = (
					"$(inherited)",
					"@executable_path/Frameworks",
				);
				PRODUCT_BUNDLE_IDENTIFIER = com.axondevgroup.RXMVVMC.TatoodoAssignment;
				PRODUCT_NAME = "$(TARGET_NAME)";
				SWIFT_VERSION = 5.0;
				TARGETED_DEVICE_FAMILY = "1,2";
			};
			name = Debug;
		};
		63FDBF0723A8CBB4009956BF /* Release */ = {
			isa = XCBuildConfiguration;
			buildSettings = {
				ASSETCATALOG_COMPILER_APPICON_NAME = AppIcon;
				CODE_SIGN_STYLE = Automatic;
				DEVELOPMENT_TEAM = DU9B24YLDN;
				INFOPLIST_FILE = TatoodoAssignment/Info.plist;
				LD_RUNPATH_SEARCH_PATHS = (
					"$(inherited)",
					"@executable_path/Frameworks",
				);
				PRODUCT_BUNDLE_IDENTIFIER = com.axondevgroup.RXMVVMC.TatoodoAssignment;
				PRODUCT_NAME = "$(TARGET_NAME)";
				SWIFT_VERSION = 5.0;
				TARGETED_DEVICE_FAMILY = "1,2";
			};
			name = Release;
		};
		63FDBF0923A8CBB4009956BF /* Debug */ = {
			isa = XCBuildConfiguration;
			buildSettings = {
				ALWAYS_EMBED_SWIFT_STANDARD_LIBRARIES = YES;
				BUNDLE_LOADER = "$(TEST_HOST)";
				CODE_SIGN_STYLE = Automatic;
				DEVELOPMENT_TEAM = DU9B24YLDN;
				INFOPLIST_FILE = TatoodoAssignmentTests/Info.plist;
				IPHONEOS_DEPLOYMENT_TARGET = 13.2;
				LD_RUNPATH_SEARCH_PATHS = (
					"$(inherited)",
					"@executable_path/Frameworks",
					"@loader_path/Frameworks",
				);
				PRODUCT_BUNDLE_IDENTIFIER = com.axondevgroup.RXMVVMC.TatoodoAssignmentTests;
				PRODUCT_NAME = "$(TARGET_NAME)";
				SWIFT_VERSION = 5.0;
				TARGETED_DEVICE_FAMILY = "1,2";
				TEST_HOST = "$(BUILT_PRODUCTS_DIR)/TatoodoAssignment.app/TatoodoAssignment";
			};
			name = Debug;
		};
		63FDBF0A23A8CBB4009956BF /* Release */ = {
			isa = XCBuildConfiguration;
			buildSettings = {
				ALWAYS_EMBED_SWIFT_STANDARD_LIBRARIES = YES;
				BUNDLE_LOADER = "$(TEST_HOST)";
				CODE_SIGN_STYLE = Automatic;
				DEVELOPMENT_TEAM = DU9B24YLDN;
				INFOPLIST_FILE = TatoodoAssignmentTests/Info.plist;
				IPHONEOS_DEPLOYMENT_TARGET = 13.2;
				LD_RUNPATH_SEARCH_PATHS = (
					"$(inherited)",
					"@executable_path/Frameworks",
					"@loader_path/Frameworks",
				);
				PRODUCT_BUNDLE_IDENTIFIER = com.axondevgroup.RXMVVMC.TatoodoAssignmentTests;
				PRODUCT_NAME = "$(TARGET_NAME)";
				SWIFT_VERSION = 5.0;
				TARGETED_DEVICE_FAMILY = "1,2";
				TEST_HOST = "$(BUILT_PRODUCTS_DIR)/TatoodoAssignment.app/TatoodoAssignment";
			};
			name = Release;
		};
/* End XCBuildConfiguration section */

/* Begin XCConfigurationList section */
		63FDBEE123A8CBB2009956BF /* Build configuration list for PBXProject "TatoodoAssignment" */ = {
			isa = XCConfigurationList;
			buildConfigurations = (
				63FDBF0323A8CBB4009956BF /* Debug */,
				63FDBF0423A8CBB4009956BF /* Release */,
			);
			defaultConfigurationIsVisible = 0;
			defaultConfigurationName = Release;
		};
		63FDBF0523A8CBB4009956BF /* Build configuration list for PBXNativeTarget "TatoodoAssignment" */ = {
			isa = XCConfigurationList;
			buildConfigurations = (
				63FDBF0623A8CBB4009956BF /* Debug */,
				63FDBF0723A8CBB4009956BF /* Release */,
			);
			defaultConfigurationIsVisible = 0;
			defaultConfigurationName = Release;
		};
		63FDBF0823A8CBB4009956BF /* Build configuration list for PBXNativeTarget "TatoodoAssignmentTests" */ = {
			isa = XCConfigurationList;
			buildConfigurations = (
				63FDBF0923A8CBB4009956BF /* Debug */,
				63FDBF0A23A8CBB4009956BF /* Release */,
			);
			defaultConfigurationIsVisible = 0;
			defaultConfigurationName = Release;
		};
/* End XCConfigurationList section */
	};
	rootObject = 63FDBEDE23A8CBB2009956BF /* Project object */;
}
